# THIS IS AN AUTOGENERATED FILE. DO NOT EDIT THIS FILE DIRECTLY.
# yarn lockfile v1


"@prisma/client@^4.2.1":
  version "4.2.1"
  resolved "https://registry.yarnpkg.com/@prisma/client/-/client-4.2.1.tgz#b384587f6066070381ea4c90228a14697a0c271b"
  integrity sha512-PZBkY60+k5oix+e6IUfl3ub8TbRLNsPLdfWrdy2eh80WcHTaT+/UfvXf/B7gXedH7FRtbPFHZXk1hZenJiJZFQ==
  dependencies:
    "@prisma/engines-version" "4.2.0-33.2920a97877e12e055c1333079b8d19cee7f33826"

"@prisma/engines-version@4.2.0-33.2920a97877e12e055c1333079b8d19cee7f33826":
  version "4.2.0-33.2920a97877e12e055c1333079b8d19cee7f33826"
  resolved "https://registry.yarnpkg.com/@prisma/engines-version/-/engines-version-4.2.0-33.2920a97877e12e055c1333079b8d19cee7f33826.tgz#63917e579b9f15460f102eaf08a4411a7e0666e7"
  integrity sha512-tktkqdiwqE4QhmE088boPt+FwPj1Jub/zk+5F6sEfcRHzO5yz9jyMD5HFVtiwxZPLx/8Xg9ElnuTi8E5lWVQFQ==

"@prisma/engines@4.2.1":
  version "4.2.1"
  resolved "https://registry.yarnpkg.com/@prisma/engines/-/engines-4.2.1.tgz#60c7d0acc1c0c5b70ece712e2cbe13f46a345d6e"
  integrity sha512-0KqBwREUOjBiHwITsQzw2DWfLHjntvbqzGRawj4sBMnIiL5CXwyDUKeHOwXzKMtNr1rEjxEsypM14g0CzLRK3g==

prisma@^4.2.1:
  version "4.2.1"
  resolved "https://registry.yarnpkg.com/prisma/-/prisma-4.2.1.tgz#3558359f15021aa4767de8c6d0ca1f285cf33d65"
  integrity sha512-HuYqnTDgH8atjPGtYmY0Ql9XrrJnfW7daG1PtAJRW0E6gJxc50lY3vrIDn0yjMR3TvRlypjTcspQX8DT+xD4Sg==
  dependencies:
    "@prisma/engines" "4.2.1"
